
Microsoft Visual Studio Solution File, Format Version 12.00
# Visual Studio Version 16
VisualStudioVersion = 16.0.29609.76
MinimumVisualStudioVersion = 10.0.40219.1
Project("{9A19103F-16F7-4668-BE54-9A1E7A4F7556}") = "cmes-webapi", "cmes-webapi\cmes-webapi.csproj", "{AF38B202-FD1F-4345-908F-0568E24DE933}"
EndProject
Project("{9A19103F-16F7-4668-BE54-9A1E7A4F7556}") = "cmes-webapi-unittests", "cmes-webapi-unittests\cmes-webapi-unittests.csproj", "{DE99D564-C568-4707-B8A8-301080973DC6}"
EndProject
Global
	GlobalSection(SolutionConfigurationPlatforms) = preSolution
		Debug|Any CPU = Debug|Any CPU
		Release|Any CPU = Release|Any CPU
	EndGlobalSection
	GlobalSection(ProjectConfigurationPlatforms) = postSolution
		{AF38B202-FD1F-4345-908F-0568E24DE933}.Debug|Any CPU.ActiveCfg = Debug|Any CPU
		{AF38B202-FD1F-4345-908F-0568E24DE933}.Debug|Any CPU.Build.0 = Debug|Any CPU
		{AF38B202-FD1F-4345-908F-0568E24DE933}.Release|Any CPU.ActiveCfg = Release|Any CPU
		{AF38B202-FD1F-4345-908F-0568E24DE933}.Release|Any CPU.Build.0 = Release|Any CPU
		{DE99D564-C568-4707-B8A8-301080973DC6}.Debug|Any CPU.ActiveCfg = Debug|Any CPU
		{DE99D564-C568-4707-B8A8-301080973DC6}.Debug|Any CPU.Build.0 = Debug|Any CPU
		{DE99D564-C568-4707-B8A8-301080973DC6}.Release|Any CPU.ActiveCfg = Release|Any CPU
		{DE99D564-C568-4707-B8A8-301080973DC6}.Release|Any CPU.Build.0 = Release|Any CPU
	EndGlobalSection
	GlobalSection(SolutionProperties) = preSolution
		HideSolutionNode = FALSE
	EndGlobalSection
	GlobalSection(ExtensibilityGlobals) = postSolution
		SolutionGuid = {362131E6-85AC-4A83-8C84-2B94BC74E0AA}
	EndGlobalSection
EndGlobal
